
Microsoft Visual Studio Solution File, Format Version 12.00
# Visual Studio 15
VisualStudioVersion = 15.0.27130.2036
MinimumVisualStudioVersion = 10.0.40219.1
Project("{FAE04EC0-301F-11D3-BF4B-00C04F79EFBC}") = "bin2sgl", "bin2sgl\bin2sgl.csproj", "{32FC5E08-7C59-4CEE-A028-44FDCE45A752}"
EndProject
Global
	GlobalSection(SolutionConfigurationPlatforms) = preSolution
		Debug|Any CPU = Debug|Any CPU
		Release|Any CPU = Release|Any CPU
	EndGlobalSection
	GlobalSection(ProjectConfigurationPlatforms) = postSolution
		{32FC5E08-7C59-4CEE-A028-44FDCE45A752}.Debug|Any CPU.ActiveCfg = Debug|Any CPU
		{32FC5E08-7C59-4CEE-A028-44FDCE45A752}.Debug|Any CPU.Build.0 = Debug|Any CPU
		{32FC5E08-7C59-4CEE-A028-44FDCE45A752}.Release|Any CPU.ActiveCfg = Release|Any CPU
		{32FC5E08-7C59-4CEE-A028-44FDCE45A752}.Release|Any CPU.Build.0 = Release|Any CPU
	EndGlobalSection
	GlobalSection(SolutionProperties) = preSolution
		HideSolutionNode = FALSE
	EndGlobalSection
	GlobalSection(ExtensibilityGlobals) = postSolution
		SolutionGuid = {49BD3C8F-8983-4F4C-89C4-C48461433476}
	EndGlobalSection
EndGlobal
