
Microsoft Visual Studio Solution File, Format Version 12.00
# Visual Studio 15
VisualStudioVersion = 15.0.28307.329
MinimumVisualStudioVersion = 10.0.40219.1
Project("{FAE04EC0-301F-11D3-BF4B-00C04F79EFBC}") = "ComTool", "ComTool\ComTool.csproj", "{4EB44381-ED5D-4AE4-8921-377DD139120D}"
EndProject
Global
	GlobalSection(SolutionConfigurationPlatforms) = preSolution
		Debug|Any CPU = Debug|Any CPU
		Release|Any CPU = Release|Any CPU
	EndGlobalSection
	GlobalSection(ProjectConfigurationPlatforms) = postSolution
		{4EB44381-ED5D-4AE4-8921-377DD139120D}.Debug|Any CPU.ActiveCfg = Debug|Any CPU
		{4EB44381-ED5D-4AE4-8921-377DD139120D}.Debug|Any CPU.Build.0 = Debug|Any CPU
		{4EB44381-ED5D-4AE4-8921-377DD139120D}.Release|Any CPU.ActiveCfg = Release|Any CPU
		{4EB44381-ED5D-4AE4-8921-377DD139120D}.Release|Any CPU.Build.0 = Release|Any CPU
	EndGlobalSection
	GlobalSection(SolutionProperties) = preSolution
		HideSolutionNode = FALSE
	EndGlobalSection
	GlobalSection(ExtensibilityGlobals) = postSolution
		SolutionGuid = {F9C7FD44-1237-42A5-B357-31018F96119B}
	EndGlobalSection
EndGlobal
